<?xml version="1.0" encoding="utf-8"?>
<Project ToolsVersion="4.0" xmlns="http://schemas.microsoft.com/developer/msbuild/2003">
  <ItemGroup>
    <Filter Include="소스 파일">
      <UniqueIdentifier>{4FC737F1-C7A5-4376-A066-2A32D752A2FF}</UniqueIdentifier>
      <Extensions>cpp;c;cc;cxx;def;odl;idl;hpj;bat;asm;asmx</Extensions>
    </Filter>
    <Filter Include="헤더 파일">
      <UniqueIdentifier>{93995380-89BD-4b04-88EB-625FBE52EBFB}</UniqueIdentifier>
      <Extensions>h;hh;hpp;hxx;hm;inl;inc;ipp;xsd</Extensions>
    </Filter>
    <Filter Include="리소스 파일">
      <UniqueIdentifier>{67DA6AB6-F800-4c08-8B7A-83BB121AAD01}</UniqueIdentifier>
      <Extensions>rc;ico;cur;bmp;dlg;rc2;rct;bin;rgs;gif;jpg;jpeg;jpe;resx;tiff;tif;png;wav;mfcribbon-ms</Extensions>
    </Filter>
    <Filter Include="소스 파일\A_Basic &amp; Define">
      <UniqueIdentifier>{a8a7f82a-a298-4ea4-a29f-be1198c1b9a4}</UniqueIdentifier>
    </Filter>
    <Filter Include="소스 파일\A_Default">
      <UniqueIdentifier>{ee91fab3-9b90-4db2-b65b-d0a3f7ef7810}</UniqueIdentifier>
    </Filter>
    <Filter Include="소스 파일\HLSL">
      <UniqueIdentifier>{b759a87c-41ee-4198-8e98-da62d66f4e55}</UniqueIdentifier>
    </Filter>
    <Filter Include="소스 파일\Camera">
      <UniqueIdentifier>{5c84106b-5f85-45d2-8f92-f2aa591cf8f7}</UniqueIdentifier>
    </Filter>
    <Filter Include="소스 파일\DX12">
      <UniqueIdentifier>{74a76a8c-2d2d-41ef-af39-df6f559ee383}</UniqueIdentifier>
    </Filter>
    <Filter Include="소스 파일\FrameWork">
      <UniqueIdentifier>{6a56a7d3-67e2-4b8c-b91f-2c44c324cb70}</UniqueIdentifier>
    </Filter>
    <Filter Include="소스 파일\Mesh">
      <UniqueIdentifier>{70030f8f-d4b5-404d-89b2-ff4d1f058d28}</UniqueIdentifier>
    </Filter>
    <Filter Include="소스 파일\Player">
      <UniqueIdentifier>{68fec3e1-4f7f-472a-92d1-0b96a007862a}</UniqueIdentifier>
    </Filter>
    <Filter Include="소스 파일\Object">
      <UniqueIdentifier>{fc0cc254-08d3-4c92-afc1-6bb477ab4b08}</UniqueIdentifier>
    </Filter>
    <Filter Include="소스 파일\Scene">
      <UniqueIdentifier>{cade6510-c01d-4d48-8b99-9cfcf077101b}</UniqueIdentifier>
    </Filter>
    <Filter Include="소스 파일\Shader">
      <UniqueIdentifier>{9e6d98e5-6272-4c2d-81c3-8fe076b35c56}</UniqueIdentifier>
    </Filter>
    <Filter Include="소스 파일\Texture">
      <UniqueIdentifier>{6700dd20-819e-4e45-9b88-961349229e77}</UniqueIdentifier>
    </Filter>
    <Filter Include="소스 파일\Timer">
      <UniqueIdentifier>{3c42a43d-f983-4e9f-81cc-020bf0d45faa}</UniqueIdentifier>
    </Filter>
    <Filter Include="소스 파일\InputManager">
      <UniqueIdentifier>{da7e2551-e4fe-4162-874f-b3bc2454be11}</UniqueIdentifier>
    </Filter>
    <Filter Include="소스 파일\SceneManager">
      <UniqueIdentifier>{9993bf53-8d67-4e82-be00-b8197159e14d}</UniqueIdentifier>
    </Filter>
    <Filter Include="소스 파일\MyStruct">
      <UniqueIdentifier>{2888046b-33ea-4937-8ba4-761bce94d79a}</UniqueIdentifier>
    </Filter>
  </ItemGroup>
  <ItemGroup>
    <ClInclude Include="GameFramework.h">
      <Filter>소스 파일\FrameWork</Filter>
    </ClInclude>
    <ClInclude Include="Camera.h">
      <Filter>소스 파일\Camera</Filter>
    </ClInclude>
    <ClInclude Include="DDSTextureLoader12.h">
      <Filter>소스 파일\Texture</Filter>
    </ClInclude>
    <ClInclude Include="Mesh.h">
      <Filter>소스 파일\Mesh</Filter>
    </ClInclude>
    <ClInclude Include="Shader.h">
      <Filter>소스 파일\Shader</Filter>
    </ClInclude>
    <ClInclude Include="Timer.h">
      <Filter>소스 파일\Timer</Filter>
    </ClInclude>
    <ClInclude Include="stdafx.h">
      <Filter>소스 파일\A_Basic &amp; Define</Filter>
    </ClInclude>
    <ClInclude Include="targetver.h">
      <Filter>소스 파일\A_Basic &amp; Define</Filter>
    </ClInclude>
    <ClInclude Include="Object.h">
      <Filter>소스 파일\Object</Filter>
    </ClInclude>
    <ClInclude Include="d3dx12.h">
      <Filter>소스 파일\DX12</Filter>
    </ClInclude>
    <ClInclude Include="Player.h">
      <Filter>소스 파일\Player</Filter>
    </ClInclude>
    <ClInclude Include="Resource.h">
      <Filter>소스 파일\A_Default</Filter>
    </ClInclude>
    <ClInclude Include="PlayGround_FrameWork.h">
      <Filter>소스 파일\A_Default</Filter>
    </ClInclude>
    <ClInclude Include="Scene.h">
      <Filter>소스 파일\Scene</Filter>
    </ClInclude>
  </ItemGroup>
  <ItemGroup>
    <ClCompile Include="GameFramework.cpp">
      <Filter>소스 파일\FrameWork</Filter>
    </ClCompile>
    <ClCompile Include="Camera.cpp">
      <Filter>소스 파일\Camera</Filter>
    </ClCompile>
    <ClCompile Include="DDSTextureLoader12.cpp">
      <Filter>소스 파일\Texture</Filter>
    </ClCompile>
    <ClCompile Include="Mesh.cpp">
      <Filter>소스 파일\Mesh</Filter>
    </ClCompile>
    <ClCompile Include="Shader.cpp">
      <Filter>소스 파일\Shader</Filter>
    </ClCompile>
    <ClCompile Include="Timer.cpp">
      <Filter>소스 파일\Timer</Filter>
    </ClCompile>
    <ClCompile Include="stdafx.cpp">
      <Filter>소스 파일\A_Basic &amp; Define</Filter>
    </ClCompile>
    <ClCompile Include="Object.cpp">
      <Filter>소스 파일\Object</Filter>
    </ClCompile>
    <ClCompile Include="Player.cpp">
      <Filter>소스 파일\Player</Filter>
    </ClCompile>
    <ClCompile Include="PlayGround_FrameWork.cpp">
      <Filter>소스 파일\A_Default</Filter>
    </ClCompile>
    <ClCompile Include="Scene.cpp">
      <Filter>소스 파일\Scene</Filter>
    </ClCompile>
    <ClCompile Include="MyStruct.cpp">
      <Filter>소스 파일\MyStruct</Filter>
    </ClCompile>
  </ItemGroup>
  <ItemGroup>
    <ResourceCompile Include="PlayGround_FrameWork.rc">
      <Filter>리소스 파일</Filter>
    </ResourceCompile>
  </ItemGroup>
  <ItemGroup>
    <Image Include="small.ico">
      <Filter>리소스 파일</Filter>
    </Image>
    <Image Include="PlayGround_FrameWork.ico">
      <Filter>리소스 파일</Filter>
    </Image>
  </ItemGroup>
  <ItemGroup>
    <FxCompile Include="Shaders.hlsl">
      <Filter>소스 파일\HLSL</Filter>
    </FxCompile>
  </ItemGroup>
</Project>