<?xml version="1.0" encoding="utf-8"?>
<Project ToolsVersion="4.0" xmlns="http://schemas.microsoft.com/developer/msbuild/2003">
  <ItemGroup>
    <Filter Include="소스 파일">
      <UniqueIdentifier>{4FC737F1-C7A5-4376-A066-2A32D752A2FF}</UniqueIdentifier>
      <Extensions>cpp;c;cc;cxx;def;odl;idl;hpj;bat;asm;asmx</Extensions>
    </Filter>
    <Filter Include="리소스 파일">
      <UniqueIdentifier>{67DA6AB6-F800-4c08-8B7A-83BB121AAD01}</UniqueIdentifier>
      <Extensions>rc;ico;cur;bmp;dlg;rc2;rct;bin;rgs;gif;jpg;jpeg;jpe;resx;tiff;tif;png;wav;mfcribbon-ms</Extensions>
    </Filter>
    <Filter Include="소스 파일\InputManager">
      <UniqueIdentifier>{013eab81-5931-4f51-8bd4-a150b7178a7b}</UniqueIdentifier>
    </Filter>
    <Filter Include="소스 파일\SceneManager">
      <UniqueIdentifier>{86703a7b-99d0-40cd-8d8c-8a1ac5adb1bb}</UniqueIdentifier>
    </Filter>
    <Filter Include="소스 파일\ObjectManager">
      <UniqueIdentifier>{c49f908a-2997-4151-9cea-a868b7f25ce9}</UniqueIdentifier>
    </Filter>
    <Filter Include="소스 파일\Camera">
      <UniqueIdentifier>{a5fe6e26-cb01-4c0f-90ff-9ec43f09b3e0}</UniqueIdentifier>
    </Filter>
    <Filter Include="소스 파일\A_Basic">
      <UniqueIdentifier>{fa5b5fd6-ff4b-4ed1-9cee-c08b43584f9c}</UniqueIdentifier>
    </Filter>
    <Filter Include="소스 파일\TimeManager">
      <UniqueIdentifier>{b4a2c25f-2fe6-40a0-8659-8a15cdac2d6d}</UniqueIdentifier>
    </Filter>
    <Filter Include="소스 파일\Mesh">
      <UniqueIdentifier>{d56d660d-ddcb-4f31-a18d-0e0750619ccd}</UniqueIdentifier>
    </Filter>
    <Filter Include="소스 파일\TextureLoader">
      <UniqueIdentifier>{ec9de223-75ad-4606-a5a5-3f21bb2d6350}</UniqueIdentifier>
    </Filter>
    <Filter Include="소스 파일\SceneManager\Scene">
      <UniqueIdentifier>{8fd69c7a-d2d3-4d6e-b7d4-f323dc26e35e}</UniqueIdentifier>
    </Filter>
    <Filter Include="소스 파일\Shader">
      <UniqueIdentifier>{9d2737b2-eed1-4694-bdcc-ac0f9ec0bec1}</UniqueIdentifier>
    </Filter>
    <Filter Include="소스 파일\ObjectManager\Billboard">
      <UniqueIdentifier>{1d15182f-e026-499a-9ec9-a3e236cf1c85}</UniqueIdentifier>
    </Filter>
    <Filter Include="소스 파일\A_MyData">
      <UniqueIdentifier>{e2eb2236-669a-4c3f-ba28-670b315d730a}</UniqueIdentifier>
    </Filter>
    <Filter Include="소스 파일\헤더 파일">
      <UniqueIdentifier>{93995380-89BD-4b04-88EB-625FBE52EBFB}</UniqueIdentifier>
      <Extensions>h;hh;hpp;hxx;hm;inl;inc;ipp;xsd</Extensions>
    </Filter>
    <Filter Include="소스 파일\헤더 파일\PlayerManager">
      <UniqueIdentifier>{a4826e22-21b3-4acf-8be6-b3f2c10d8bb3}</UniqueIdentifier>
    </Filter>
    <Filter Include="소스 파일\헤더 파일\HLSL">
      <UniqueIdentifier>{76e731bc-06ef-45b7-ba71-2de61d3b5c67}</UniqueIdentifier>
    </Filter>
    <Filter Include="소스 파일\헤더 파일\FrameWork">
      <UniqueIdentifier>{c516536f-5116-4ce6-8af3-0237cee06ca4}</UniqueIdentifier>
    </Filter>
    <Filter Include="소스 파일\헤더 파일\Singleton">
      <UniqueIdentifier>{3aef3fc8-f157-41da-ba69-497351c0db87}</UniqueIdentifier>
    </Filter>
    <Filter Include="소스 파일\ObjectManager\Object">
      <UniqueIdentifier>{05021bec-42ab-40e2-b259-ed86444f0109}</UniqueIdentifier>
    </Filter>
    <Filter Include="소스 파일\SceneManager\Scene\MenuScene">
      <UniqueIdentifier>{6cd6e395-621b-45ce-8e6b-c9452d6a4561}</UniqueIdentifier>
    </Filter>
    <Filter Include="소스 파일\SceneManager\Scene\InGameScene">
      <UniqueIdentifier>{fdc88d86-4325-435c-9945-1158fb116e99}</UniqueIdentifier>
    </Filter>
  </ItemGroup>
  <ItemGroup>
    <ClInclude Include="Player.h">
      <Filter>소스 파일\헤더 파일\PlayerManager</Filter>
    </ClInclude>
    <ClInclude Include="CPlayerManager.h">
      <Filter>소스 파일\헤더 파일\PlayerManager</Filter>
    </ClInclude>
    <ClInclude Include="CState.h">
      <Filter>소스 파일\헤더 파일</Filter>
    </ClInclude>
    <ClInclude Include="CInputManager.h">
      <Filter>소스 파일\InputManager</Filter>
    </ClInclude>
    <ClInclude Include="CSceneManager.h">
      <Filter>소스 파일\SceneManager</Filter>
    </ClInclude>
    <ClInclude Include="CTempScene.h">
      <Filter>소스 파일\헤더 파일</Filter>
    </ClInclude>
    <ClInclude Include="CObjectManager.h">
      <Filter>소스 파일\ObjectManager</Filter>
    </ClInclude>
    <ClInclude Include="Camera.h">
      <Filter>소스 파일\Camera</Filter>
    </ClInclude>
    <ClInclude Include="stdafx.h">
      <Filter>소스 파일\A_Basic</Filter>
    </ClInclude>
    <ClInclude Include="targetver.h">
      <Filter>소스 파일\A_Basic</Filter>
    </ClInclude>
    <ClInclude Include="Timer.h">
      <Filter>소스 파일\TimeManager</Filter>
    </ClInclude>
    <ClInclude Include="Mesh.h">
      <Filter>소스 파일\Mesh</Filter>
    </ClInclude>
    <ClInclude Include="DDSTextureLoader12.h">
      <Filter>소스 파일\TextureLoader</Filter>
    </ClInclude>
    <ClInclude Include="WICTextureLoader12.h">
      <Filter>소스 파일\TextureLoader</Filter>
    </ClInclude>
    <ClInclude Include="GameFramework.h">
      <Filter>소스 파일\헤더 파일\FrameWork</Filter>
    </ClInclude>
    <ClInclude Include="d3dx12.h">
      <Filter>소스 파일\A_Basic</Filter>
    </ClInclude>
    <ClInclude Include="PlayGround_OnAir.h">
      <Filter>소스 파일\A_Basic</Filter>
    </ClInclude>
    <ClInclude Include="Scene.h">
      <Filter>소스 파일\SceneManager\Scene</Filter>
    </ClInclude>
    <ClInclude Include="Shader.h">
      <Filter>소스 파일\Shader</Filter>
    </ClInclude>
    <ClInclude Include="SingleTon.h">
      <Filter>소스 파일\헤더 파일\Singleton</Filter>
    </ClInclude>
    <ClInclude Include="Resource.h">
      <Filter>소스 파일\A_Basic</Filter>
    </ClInclude>
    <ClInclude Include="CBillboardObject.h">
      <Filter>소스 파일\ObjectManager\Billboard</Filter>
    </ClInclude>
    <ClInclude Include="Object.h">
      <Filter>소스 파일\ObjectManager\Object</Filter>
    </ClInclude>
    <ClInclude Include="MyData.h">
      <Filter>소스 파일\A_MyData</Filter>
    </ClInclude>
    <ClInclude Include="CIngameScene.h">
      <Filter>소스 파일\SceneManager\Scene\InGameScene</Filter>
    </ClInclude>
    <ClInclude Include="CMenuScene.h">
      <Filter>소스 파일\SceneManager\Scene\MenuScene</Filter>
    </ClInclude>
  </ItemGroup>
  <ItemGroup>
    <ClCompile Include="Player.cpp">
      <Filter>소스 파일\헤더 파일\PlayerManager</Filter>
    </ClCompile>
    <ClCompile Include="CPlayerManager.cpp">
      <Filter>소스 파일\헤더 파일\PlayerManager</Filter>
    </ClCompile>
    <ClCompile Include="CState.cpp">
      <Filter>소스 파일</Filter>
    </ClCompile>
    <ClCompile Include="CInputManager.cpp">
      <Filter>소스 파일\InputManager</Filter>
    </ClCompile>
    <ClCompile Include="CSceneManager.cpp">
      <Filter>소스 파일\SceneManager</Filter>
    </ClCompile>
    <ClCompile Include="CTempScene.cpp">
      <Filter>소스 파일</Filter>
    </ClCompile>
    <ClCompile Include="CObjectManager.cpp">
      <Filter>소스 파일\ObjectManager</Filter>
    </ClCompile>
    <ClCompile Include="Camera.cpp">
      <Filter>소스 파일\Camera</Filter>
    </ClCompile>
    <ClCompile Include="stdafx.cpp">
      <Filter>소스 파일\A_Basic</Filter>
    </ClCompile>
    <ClCompile Include="Timer.cpp">
      <Filter>소스 파일\TimeManager</Filter>
    </ClCompile>
    <ClCompile Include="Mesh.cpp">
      <Filter>소스 파일\Mesh</Filter>
    </ClCompile>
    <ClCompile Include="DDSTextureLoader12.cpp">
      <Filter>소스 파일\TextureLoader</Filter>
    </ClCompile>
    <ClCompile Include="WICTextureLoader12.cpp">
      <Filter>소스 파일\TextureLoader</Filter>
    </ClCompile>
    <ClCompile Include="GameFramework.cpp">
      <Filter>소스 파일\헤더 파일\FrameWork</Filter>
    </ClCompile>
    <ClCompile Include="PlayGround_OnAir.cpp">
      <Filter>소스 파일\A_Basic</Filter>
    </ClCompile>
    <ClCompile Include="Scene.cpp">
      <Filter>소스 파일\SceneManager\Scene</Filter>
    </ClCompile>
    <ClCompile Include="Shader.cpp">
      <Filter>소스 파일\Shader</Filter>
    </ClCompile>
    <ClCompile Include="CBillboardObject.cpp">
      <Filter>소스 파일\ObjectManager\Billboard</Filter>
    </ClCompile>
    <ClCompile Include="MyStruct.cpp">
      <Filter>소스 파일\A_MyData</Filter>
    </ClCompile>
    <ClCompile Include="Object.cpp">
      <Filter>소스 파일\ObjectManager\Object</Filter>
    </ClCompile>
    <ClCompile Include="CIngameScene.cpp">
      <Filter>소스 파일\SceneManager\Scene\InGameScene</Filter>
    </ClCompile>
    <ClCompile Include="CMenuScene.cpp">
      <Filter>소스 파일\SceneManager\Scene\MenuScene</Filter>
    </ClCompile>
  </ItemGroup>
  <ItemGroup>
    <ResourceCompile Include="PlayGround_OnAir.rc">
      <Filter>리소스 파일</Filter>
    </ResourceCompile>
  </ItemGroup>
  <ItemGroup>
    <Image Include="small.ico">
      <Filter>리소스 파일</Filter>
    </Image>
    <Image Include="PlayGround_OnAir.ico">
      <Filter>리소스 파일</Filter>
    </Image>
  </ItemGroup>
  <ItemGroup>
    <FxCompile Include="Shaders.hlsl">
      <Filter>소스 파일\헤더 파일\HLSL</Filter>
    </FxCompile>
    <FxCompile Include="UIShader.hlsl">
      <Filter>소스 파일\헤더 파일\HLSL</Filter>
    </FxCompile>
    <FxCompile Include="Light.hlsl">
      <Filter>소스 파일\헤더 파일\HLSL</Filter>
    </FxCompile>
  </ItemGroup>
</Project>