<?xml version="1.0" encoding="utf-8"?>
<Project ToolsVersion="4.0" xmlns="http://schemas.microsoft.com/developer/msbuild/2003">
  <ItemGroup>
    <Filter Include="소스 파일">
      <UniqueIdentifier>{4FC737F1-C7A5-4376-A066-2A32D752A2FF}</UniqueIdentifier>
      <Extensions>cpp;c;cc;cxx;def;odl;idl;hpj;bat;asm;asmx</Extensions>
    </Filter>
    <Filter Include="헤더 파일">
      <UniqueIdentifier>{93995380-89BD-4b04-88EB-625FBE52EBFB}</UniqueIdentifier>
      <Extensions>h;hh;hpp;hxx;hm;inl;inc;ipp;xsd</Extensions>
    </Filter>
    <Filter Include="리소스 파일">
      <UniqueIdentifier>{67DA6AB6-F800-4c08-8B7A-83BB121AAD01}</UniqueIdentifier>
      <Extensions>rc;ico;cur;bmp;dlg;rc2;rct;bin;rgs;gif;jpg;jpeg;jpe;resx;tiff;tif;png;wav;mfcribbon-ms</Extensions>
    </Filter>
    <Filter Include="소스 파일\IOCPServer">
      <UniqueIdentifier>{adec572c-50a1-4459-8b05-eacd02721adb}</UniqueIdentifier>
    </Filter>
    <Filter Include="소스 파일\ServerMain">
      <UniqueIdentifier>{2652ab1a-ca40-41b9-8f2b-9d5726b48df3}</UniqueIdentifier>
    </Filter>
    <Filter Include="소스 파일\ThreadManager">
      <UniqueIdentifier>{a4a9f3dd-302f-4d94-b312-61d1d64e6c99}</UniqueIdentifier>
    </Filter>
    <Filter Include="소스 파일\ObjManager">
      <UniqueIdentifier>{5d3f87f8-282d-48b8-b3fd-2da493f5a663}</UniqueIdentifier>
    </Filter>
    <Filter Include="소스 파일\Player">
      <UniqueIdentifier>{7c884d97-cb55-4e27-b616-e47331f4e87e}</UniqueIdentifier>
    </Filter>
    <Filter Include="소스 파일\PacketManager">
      <UniqueIdentifier>{72468219-3399-4831-971e-ee6cdadb25b1}</UniqueIdentifier>
    </Filter>
    <Filter Include="소스 파일\MyThread">
      <UniqueIdentifier>{9a660fd7-1658-4df3-b25d-29b2c030ca20}</UniqueIdentifier>
    </Filter>
    <Filter Include="소스 파일\MyThread\AcceptThread">
      <UniqueIdentifier>{0ef50b97-0d26-42f1-972d-6c6841ff77ab}</UniqueIdentifier>
    </Filter>
    <Filter Include="소스 파일\MyThread\WorkerThread">
      <UniqueIdentifier>{72f12d81-5732-44d8-9dc4-e459217adc7c}</UniqueIdentifier>
    </Filter>
  </ItemGroup>
  <ItemGroup>
    <ClInclude Include="pch.h">
      <Filter>헤더 파일</Filter>
    </ClInclude>
    <ClInclude Include="IOCPServer.h">
      <Filter>소스 파일\IOCPServer</Filter>
    </ClInclude>
    <ClInclude Include="SingleTone.h">
      <Filter>헤더 파일</Filter>
    </ClInclude>
    <ClInclude Include="ThreadManager.h">
      <Filter>소스 파일\ThreadManager</Filter>
    </ClInclude>
    <ClInclude Include="Protocol.h">
      <Filter>헤더 파일</Filter>
    </ClInclude>
    <ClInclude Include="ObjManager.h">
      <Filter>소스 파일\ObjManager</Filter>
    </ClInclude>
    <ClInclude Include="Player.h">
      <Filter>소스 파일\Player</Filter>
    </ClInclude>
    <ClInclude Include="PacketManager.h">
      <Filter>소스 파일\PacketManager</Filter>
    </ClInclude>
    <ClInclude Include="AcceptThread.h">
      <Filter>소스 파일\MyThread\AcceptThread</Filter>
    </ClInclude>
    <ClInclude Include="WorkerThread.h">
      <Filter>소스 파일\MyThread\WorkerThread</Filter>
    </ClInclude>
    <ClInclude Include="MyThread.h">
      <Filter>소스 파일\MyThread</Filter>
    </ClInclude>
  </ItemGroup>
  <ItemGroup>
    <ClCompile Include="pch.cpp">
      <Filter>소스 파일</Filter>
    </ClCompile>
    <ClCompile Include="IOCPServer.cpp">
      <Filter>소스 파일\IOCPServer</Filter>
    </ClCompile>
    <ClCompile Include="ServerMain.cpp">
      <Filter>소스 파일\ServerMain</Filter>
    </ClCompile>
    <ClCompile Include="ThreadManager.cpp">
      <Filter>소스 파일\ThreadManager</Filter>
    </ClCompile>
    <ClCompile Include="ObjManager.cpp">
      <Filter>소스 파일\ObjManager</Filter>
    </ClCompile>
    <ClCompile Include="Player.cpp">
      <Filter>소스 파일\Player</Filter>
    </ClCompile>
    <ClCompile Include="PacketManager.cpp">
      <Filter>소스 파일\PacketManager</Filter>
    </ClCompile>
    <ClCompile Include="AcceptThread.cpp">
      <Filter>소스 파일\MyThread\AcceptThread</Filter>
    </ClCompile>
    <ClCompile Include="WorkerThread.cpp">
      <Filter>소스 파일\MyThread\WorkerThread</Filter>
    </ClCompile>
    <ClCompile Include="MyThread.cpp">
      <Filter>소스 파일\MyThread</Filter>
    </ClCompile>
  </ItemGroup>
</Project>